
Microsoft Visual Studio Solution File, Format Version 12.00
# Visual Studio Version 17
VisualStudioVersion = 17.4.33122.133
MinimumVisualStudioVersion = 10.0.40219.1
Project("{FAE04EC0-301F-11D3-BF4B-00C04F79EFBC}") = "Welcome_Page", "..\Welcome Page\Welcome_Page.csproj", "{5028D768-896E-4D86-9D17-5F4F12F3905A}"
EndProject
Project("{FAE04EC0-301F-11D3-BF4B-00C04F79EFBC}") = "DrPanel", "..\DrPanel\DrPanel.csproj", "{2DB3F33F-A705-4750-9002-66006A4D2DD9}"
EndProject
Project("{FAE04EC0-301F-11D3-BF4B-00C04F79EFBC}") = "NewNewSecretary", "..\NewNewSecretary\NewNewSecretary\NewNewSecretary.csproj", "{A0FCFAA7-1E9E-459B-ACCE-67AABAB799B3}"
EndProject
Project("{FAE04EC0-301F-11D3-BF4B-00C04F79EFBC}") = "NewSignUp", "..\NewSignUp\NewSignUp\NewSignUp.csproj", "{186AA527-97C1-4CEA-9C7C-7F33D60776FC}"
EndProject
Global
	GlobalSection(SolutionConfigurationPlatforms) = preSolution
		Debug|Any CPU = Debug|Any CPU
		Release|Any CPU = Release|Any CPU
	EndGlobalSection
	GlobalSection(ProjectConfigurationPlatforms) = postSolution
		{5028D768-896E-4D86-9D17-5F4F12F3905A}.Debug|Any CPU.ActiveCfg = Debug|Any CPU
		{5028D768-896E-4D86-9D17-5F4F12F3905A}.Debug|Any CPU.Build.0 = Debug|Any CPU
		{5028D768-896E-4D86-9D17-5F4F12F3905A}.Release|Any CPU.ActiveCfg = Release|Any CPU
		{5028D768-896E-4D86-9D17-5F4F12F3905A}.Release|Any CPU.Build.0 = Release|Any CPU
		{2DB3F33F-A705-4750-9002-66006A4D2DD9}.Debug|Any CPU.ActiveCfg = Debug|Any CPU
		{2DB3F33F-A705-4750-9002-66006A4D2DD9}.Debug|Any CPU.Build.0 = Debug|Any CPU
		{2DB3F33F-A705-4750-9002-66006A4D2DD9}.Release|Any CPU.ActiveCfg = Release|Any CPU
		{2DB3F33F-A705-4750-9002-66006A4D2DD9}.Release|Any CPU.Build.0 = Release|Any CPU
		{A0FCFAA7-1E9E-459B-ACCE-67AABAB799B3}.Debug|Any CPU.ActiveCfg = Debug|Any CPU
		{A0FCFAA7-1E9E-459B-ACCE-67AABAB799B3}.Debug|Any CPU.Build.0 = Debug|Any CPU
		{A0FCFAA7-1E9E-459B-ACCE-67AABAB799B3}.Release|Any CPU.ActiveCfg = Release|Any CPU
		{A0FCFAA7-1E9E-459B-ACCE-67AABAB799B3}.Release|Any CPU.Build.0 = Release|Any CPU
		{186AA527-97C1-4CEA-9C7C-7F33D60776FC}.Debug|Any CPU.ActiveCfg = Debug|Any CPU
		{186AA527-97C1-4CEA-9C7C-7F33D60776FC}.Debug|Any CPU.Build.0 = Debug|Any CPU
		{186AA527-97C1-4CEA-9C7C-7F33D60776FC}.Release|Any CPU.ActiveCfg = Release|Any CPU
		{186AA527-97C1-4CEA-9C7C-7F33D60776FC}.Release|Any CPU.Build.0 = Release|Any CPU
	EndGlobalSection
	GlobalSection(SolutionProperties) = preSolution
		HideSolutionNode = FALSE
	EndGlobalSection
	GlobalSection(ExtensibilityGlobals) = postSolution
		SolutionGuid = {DC750ED8-E51B-4DBE-9AED-DFE682A975B2}
	EndGlobalSection
EndGlobal
